github.com/bufbuild/buf v1.50.0 h1:gm/GtEUAkYaO27FgUesY4NpcwOpOdJgygjRKcdt41zE=
github.com/bufbuild/buf v1.50.0/go.mod h1:tlpWuRe4EjA4w7O+Z/R2k2Df2eJtKsds2hofIIPEoSY=
github.com/sqlc-dev/sqlc v1.28.0 h1:2QB4X22pKNpKMyb8dRLnqZwMXW6S+ZCyYCpa+3/ICcI=
github.com/sqlc-dev/sqlc v1.28.0/go.mod h1:x6wDsOHH60dTX3ES9sUUxRVaROg5aFB3l3nkkjyuK1A=
google.golang.org/protobuf v1.36.5 h1:tPhr+woSbjfYvY6/GPufUoYizxw1cF/yFoxJ2fmpwlM=
google.golang.org/protobuf v1.36.5/go.mod h1:9fA7Ob0pmnwhb644+1+CVWFRbNajQ6iRojtC/QF5bRE=
